
Microsoft Visual Studio Solution File, Format Version 12.00
# Visual Studio 15
VisualStudioVersion = 15.0.27703.2035
MinimumVisualStudioVersion = 10.0.40219.1
Project("{CC5FD16D-436D-48AD-A40C-5A424C6E3E79}") = "AzWebRole", "AzWebRole\AzWebRole.ccproj", "{40E25A0D-3867-4D8B-9F26-540585F4C85B}"
EndProject
Project("{FAE04EC0-301F-11D3-BF4B-00C04F79EFBC}") = "WebRole1", "WebRole1\WebRole1.csproj", "{9AEC3E2F-D567-4011-BA3D-0CA0A5EB1B62}"
EndProject
Global
	GlobalSection(SolutionConfigurationPlatforms) = preSolution
		Debug|Any CPU = Debug|Any CPU
		Release|Any CPU = Release|Any CPU
	EndGlobalSection
	GlobalSection(ProjectConfigurationPlatforms) = postSolution
		{40E25A0D-3867-4D8B-9F26-540585F4C85B}.Debug|Any CPU.ActiveCfg = Debug|Any CPU
		{40E25A0D-3867-4D8B-9F26-540585F4C85B}.Debug|Any CPU.Build.0 = Debug|Any CPU
		{40E25A0D-3867-4D8B-9F26-540585F4C85B}.Release|Any CPU.ActiveCfg = Release|Any CPU
		{40E25A0D-3867-4D8B-9F26-540585F4C85B}.Release|Any CPU.Build.0 = Release|Any CPU
		{9AEC3E2F-D567-4011-BA3D-0CA0A5EB1B62}.Debug|Any CPU.ActiveCfg = Debug|Any CPU
		{9AEC3E2F-D567-4011-BA3D-0CA0A5EB1B62}.Debug|Any CPU.Build.0 = Debug|Any CPU
		{9AEC3E2F-D567-4011-BA3D-0CA0A5EB1B62}.Release|Any CPU.ActiveCfg = Release|Any CPU
		{9AEC3E2F-D567-4011-BA3D-0CA0A5EB1B62}.Release|Any CPU.Build.0 = Release|Any CPU
	EndGlobalSection
	GlobalSection(SolutionProperties) = preSolution
		HideSolutionNode = FALSE
	EndGlobalSection
	GlobalSection(ExtensibilityGlobals) = postSolution
		SolutionGuid = {F70CCC57-73CA-4192-A5F7-E992B04EDB22}
	EndGlobalSection
EndGlobal
