
Microsoft Visual Studio Solution File, Format Version 12.00
# Visual Studio 14
VisualStudioVersion = 14.0.25420.1
MinimumVisualStudioVersion = 10.0.40219.1
Project("{FAE04EC0-301F-11D3-BF4B-00C04F79EFBC}") = "Ex001", "Ex001\Ex001.csproj", "{3353B010-F299-4020-92A3-44C985E8FD11}"
EndProject
Project("{FAE04EC0-301F-11D3-BF4B-00C04F79EFBC}") = "Ex001Host", "Ex001Host\Ex001Host.csproj", "{71326AD6-D627-431F-86D2-FEC5EC6EC02D}"
EndProject
Project("{FAE04EC0-301F-11D3-BF4B-00C04F79EFBC}") = "SomeIdea", "SomeIdea\SomeIdea.csproj", "{78B3BA4F-8618-4094-9774-6D6603E21DCF}"
EndProject
Global
	GlobalSection(SolutionConfigurationPlatforms) = preSolution
		Debug|Any CPU = Debug|Any CPU
		Release|Any CPU = Release|Any CPU
	EndGlobalSection
	GlobalSection(ProjectConfigurationPlatforms) = postSolution
		{3353B010-F299-4020-92A3-44C985E8FD11}.Debug|Any CPU.ActiveCfg = Debug|Any CPU
		{3353B010-F299-4020-92A3-44C985E8FD11}.Debug|Any CPU.Build.0 = Debug|Any CPU
		{3353B010-F299-4020-92A3-44C985E8FD11}.Release|Any CPU.ActiveCfg = Release|Any CPU
		{3353B010-F299-4020-92A3-44C985E8FD11}.Release|Any CPU.Build.0 = Release|Any CPU
		{71326AD6-D627-431F-86D2-FEC5EC6EC02D}.Debug|Any CPU.ActiveCfg = Debug|Any CPU
		{71326AD6-D627-431F-86D2-FEC5EC6EC02D}.Debug|Any CPU.Build.0 = Debug|Any CPU
		{71326AD6-D627-431F-86D2-FEC5EC6EC02D}.Release|Any CPU.ActiveCfg = Release|Any CPU
		{71326AD6-D627-431F-86D2-FEC5EC6EC02D}.Release|Any CPU.Build.0 = Release|Any CPU
		{78B3BA4F-8618-4094-9774-6D6603E21DCF}.Debug|Any CPU.ActiveCfg = Debug|Any CPU
		{78B3BA4F-8618-4094-9774-6D6603E21DCF}.Debug|Any CPU.Build.0 = Debug|Any CPU
		{78B3BA4F-8618-4094-9774-6D6603E21DCF}.Release|Any CPU.ActiveCfg = Release|Any CPU
		{78B3BA4F-8618-4094-9774-6D6603E21DCF}.Release|Any CPU.Build.0 = Release|Any CPU
	EndGlobalSection
	GlobalSection(SolutionProperties) = preSolution
		HideSolutionNode = FALSE
	EndGlobalSection
EndGlobal
